// !$*UTF8*$!
{
	archiveVersion = 1;
	classes = {
	};
	objectVersion = 46;
	objects = {

/* Begin PBXBuildFile section */
		1A1BDA021B479F660082941E /* NODPersonalFinacialController.swift in Sources */ = {isa = PBXBuildFile; fileRef = 1A1BDA011B479F660082941E /* NODPersonalFinacialController.swift */; };
		1A1BDA041B47A49B0082941E /* NODPersionalFiancialCell.swift in Sources */ = {isa = PBXBuildFile; fileRef = 1A1BDA031B47A49B0082941E /* NODPersionalFiancialCell.swift */; };
		1A1BDA061B47BFCE0082941E /* NODLabourController.swift in Sources */ = {isa = PBXBuildFile; fileRef = 1A1BDA051B47BFCE0082941E /* NODLabourController.swift */; };
		1A1BDA081B47C5270082941E /* NODLabour.swift in Sources */ = {isa = PBXBuildFile; fileRef = 1A1BDA071B47C5270082941E /* NODLabour.swift */; };
		1A1BDA0A1B47CA3A0082941E /* NODLabourSectionCell.xib in Resources */ = {isa = PBXBuildFile; fileRef = 1A1BDA091B47CA3A0082941E /* NODLabourSectionCell.xib */; };
		1A1BDA0C1B47CA9B0082941E /* NODLabourSectionCell.swift in Sources */ = {isa = PBXBuildFile; fileRef = 1A1BDA0B1B47CA9B0082941E /* NODLabourSectionCell.swift */; };
		1A1BDA0E1B47FFE10082941E /* NODWorkerDetailsController.swift in Sources */ = {isa = PBXBuildFile; fileRef = 1A1BDA0D1B47FFE10082941E /* NODWorkerDetailsController.swift */; };
		1AEEE2B91B3F97A100DDCD3C /* NODSettingViewController.swift in Sources */ = {isa = PBXBuildFile; fileRef = 1AEEE2B81B3F97A100DDCD3C /* NODSettingViewController.swift */; };
		1AEEE2BB1B3F99AD00DDCD3C /* NODBaseMainViewController.swift in Sources */ = {isa = PBXBuildFile; fileRef = 1AEEE2BA1B3F99AD00DDCD3C /* NODBaseMainViewController.swift */; };
		1AEEE2C01B3F9EA100DDCD3C /* SlideMenuController+NODTrasition.swift in Sources */ = {isa = PBXBuildFile; fileRef = 1AEEE2BF1B3F9EA100DDCD3C /* SlideMenuController+NODTrasition.swift */; };
		1AEEE2C21B3FA46000DDCD3C /* CFNetwork.framework in Frameworks */ = {isa = PBXBuildFile; fileRef = 1AEEE2C11B3FA46000DDCD3C /* CFNetwork.framework */; };
		1AEEE2C41B3FA48600DDCD3C /* libz.dylib in Frameworks */ = {isa = PBXBuildFile; fileRef = 1AEEE2C31B3FA48600DDCD3C /* libz.dylib */; };
		1AEEE2C61B3FA49900DDCD3C /* QuartzCore.framework in Frameworks */ = {isa = PBXBuildFile; fileRef = 1AEEE2C51B3FA49900DDCD3C /* QuartzCore.framework */; };
		1AEEE2CA1B3FE60F00DDCD3C /* NODFiancialController.swift in Sources */ = {isa = PBXBuildFile; fileRef = 1AEEE2C91B3FE60F00DDCD3C /* NODFiancialController.swift */; };
		1AEEE2CC1B3FEFEF00DDCD3C /* NODFinancialCell.swift in Sources */ = {isa = PBXBuildFile; fileRef = 1AEEE2CB1B3FEFEF00DDCD3C /* NODFinancialCell.swift */; };
		1AEF9CB21B5A2CFC00BD19A6 /* Default-568h@2x.png in Resources */ = {isa = PBXBuildFile; fileRef = 1AEF9CB11B5A2CFC00BD19A6 /* Default-568h@2x.png */; };
		1AFF89231B480B1300B81AFA /* NODWorker.swift in Sources */ = {isa = PBXBuildFile; fileRef = 1AFF89221B480B1300B81AFA /* NODWorker.swift */; };
		7E0FD6941B5B5D25007AE821 /* NODCreateContructionController.swift in Sources */ = {isa = PBXBuildFile; fileRef = 7E0FD6931B5B5D25007AE821 /* NODCreateContructionController.swift */; };
		7E0FD6961B5B731C007AE821 /* Array+NODExtention.swift in Sources */ = {isa = PBXBuildFile; fileRef = 7E0FD6951B5B731C007AE821 /* Array+NODExtention.swift */; };
		7E0FD69D1B5B82B3007AE821 /* NODAddObjectCell.swift in Sources */ = {isa = PBXBuildFile; fileRef = 7E0FD69B1B5B82B3007AE821 /* NODAddObjectCell.swift */; };
		7E0FD6A01B5B8ED9007AE821 /* NODCreateConstructionContainerController.swift in Sources */ = {isa = PBXBuildFile; fileRef = 7E0FD69F1B5B8ED9007AE821 /* NODCreateConstructionContainerController.swift */; };
		7E39024A1B3664A00061DD90 /* SWXMLHash.swift in Sources */ = {isa = PBXBuildFile; fileRef = 7E3902491B3664A00061DD90 /* SWXMLHash.swift */; };
		7E39024F1B3668FA0061DD90 /* SwiftyJSON.swift in Sources */ = {isa = PBXBuildFile; fileRef = 7E39024E1B3668FA0061DD90 /* SwiftyJSON.swift */; };
		7E3902581B366D560061DD90 /* FromJSON.swift in Sources */ = {isa = PBXBuildFile; fileRef = 7E3902541B366D560061DD90 /* FromJSON.swift */; };
		7E3902591B366D560061DD90 /* Mapper.swift in Sources */ = {isa = PBXBuildFile; fileRef = 7E3902551B366D560061DD90 /* Mapper.swift */; };
		7E39025A1B366D560061DD90 /* Operators.swift in Sources */ = {isa = PBXBuildFile; fileRef = 7E3902561B366D560061DD90 /* Operators.swift */; };
		7E39025B1B366D560061DD90 /* ToJSON.swift in Sources */ = {isa = PBXBuildFile; fileRef = 7E3902571B366D560061DD90 /* ToJSON.swift */; };
		7E39025D1B366DAA0061DD90 /* LoginUser.swift in Sources */ = {isa = PBXBuildFile; fileRef = 7E39025C1B366DAA0061DD90 /* LoginUser.swift */; };
		7E3902781B366F1F0061DD90 /* CustomDateFormatTransform.swift in Sources */ = {isa = PBXBuildFile; fileRef = 7E3902701B366F1F0061DD90 /* CustomDateFormatTransform.swift */; };
		7E3902791B366F1F0061DD90 /* DateFormaterTransform.swift in Sources */ = {isa = PBXBuildFile; fileRef = 7E3902711B366F1F0061DD90 /* DateFormaterTransform.swift */; };
		7E39027A1B366F1F0061DD90 /* DateTransform.swift in Sources */ = {isa = PBXBuildFile; fileRef = 7E3902721B366F1F0061DD90 /* DateTransform.swift */; };
		7E39027B1B366F1F0061DD90 /* EnumTransform.swift in Sources */ = {isa = PBXBuildFile; fileRef = 7E3902731B366F1F0061DD90 /* EnumTransform.swift */; };
		7E39027C1B366F1F0061DD90 /* ISO8601DateTransform.swift in Sources */ = {isa = PBXBuildFile; fileRef = 7E3902741B366F1F0061DD90 /* ISO8601DateTransform.swift */; };
		7E39027D1B366F1F0061DD90 /* TransformOf.swift in Sources */ = {isa = PBXBuildFile; fileRef = 7E3902751B366F1F0061DD90 /* TransformOf.swift */; };
		7E39027E1B366F1F0061DD90 /* TransformType.swift in Sources */ = {isa = PBXBuildFile; fileRef = 7E3902761B366F1F0061DD90 /* TransformType.swift */; };
		7E39027F1B366F1F0061DD90 /* URLTransform.swift in Sources */ = {isa = PBXBuildFile; fileRef = 7E3902771B366F1F0061DD90 /* URLTransform.swift */; };
		7E3902811B3690CA0061DD90 /* SlideMenuController.swift in Sources */ = {isa = PBXBuildFile; fileRef = 7E3902801B3690CA0061DD90 /* SlideMenuController.swift */; };
		7E3902841B3692CD0061DD90 /* NODStoryboard.storyboard in Resources */ = {isa = PBXBuildFile; fileRef = 7E3902831B3692CD0061DD90 /* NODStoryboard.storyboard */; };
		7E3902871B369CBC0061DD90 /* CALayer+XibConfiguration.m in Sources */ = {isa = PBXBuildFile; fileRef = 7E3902861B369CBC0061DD90 /* CALayer+XibConfiguration.m */; };
		7E3902891B369D630061DD90 /* NODLoginViewController.swift in Sources */ = {isa = PBXBuildFile; fileRef = 7E3902881B369D630061DD90 /* NODLoginViewController.swift */; };
		7E39028C1B36D2DC0061DD90 /* NODUserViewController.swift in Sources */ = {isa = PBXBuildFile; fileRef = 7E39028B1B36D2DC0061DD90 /* NODUserViewController.swift */; };
		7E60CD3D1B5563AB00D60F3D /* NODMachine.swift in Sources */ = {isa = PBXBuildFile; fileRef = 7E60CD3C1B5563AB00D60F3D /* NODMachine.swift */; };
		7E60CD3F1B55647700D60F3D /* NODMaterial.swift in Sources */ = {isa = PBXBuildFile; fileRef = 7E60CD3E1B55647700D60F3D /* NODMaterial.swift */; };
		7E6234461B5D3B5E00C42E41 /* NODStatues.swift in Sources */ = {isa = PBXBuildFile; fileRef = 7E6234451B5D3B5E00C42E41 /* NODStatues.swift */; };
		7E82DAF21B5BE30C00592B5E /* NODRemoveObjectCell.swift in Sources */ = {isa = PBXBuildFile; fileRef = 7E82DAF11B5BE30C00592B5E /* NODRemoveObjectCell.swift */; };
		7E904FED1B3583DA007BD238 /* AppDelegate.swift in Sources */ = {isa = PBXBuildFile; fileRef = 7E904FEC1B3583DA007BD238 /* AppDelegate.swift */; };
		7E904FEF1B3583DA007BD238 /* ViewController.swift in Sources */ = {isa = PBXBuildFile; fileRef = 7E904FEE1B3583DA007BD238 /* ViewController.swift */; };
		7E904FF41B3583DA007BD238 /* Images.xcassets in Resources */ = {isa = PBXBuildFile; fileRef = 7E904FF31B3583DA007BD238 /* Images.xcassets */; };
		7E9050121B35970E007BD238 /* NODSessionManager.swift in Sources */ = {isa = PBXBuildFile; fileRef = 7E9050111B35970E007BD238 /* NODSessionManager.swift */; };
		7EADDCDF1B37BC260095EDF8 /* NODMainMenuCell.swift in Sources */ = {isa = PBXBuildFile; fileRef = 7EADDCDD1B37BC260095EDF8 /* NODMainMenuCell.swift */; };
		7EADDCE01B37BC260095EDF8 /* NODMainMenuCell.xib in Resources */ = {isa = PBXBuildFile; fileRef = 7EADDCDE1B37BC260095EDF8 /* NODMainMenuCell.xib */; };
		981DD26DD522DC8DFC25D57B /* libPods.a in Frameworks */ = {isa = PBXBuildFile; fileRef = 9E7BC14177D1364B0BD8378F /* libPods.a */; };
		A90292431B48E23600A82E90 /* NODConstructionDetailController.swift in Sources */ = {isa = PBXBuildFile; fileRef = A90292421B48E23600A82E90 /* NODConstructionDetailController.swift */; };
		A91230171B48B64F00BCCEBF /* NODFinacialInfo.swift in Sources */ = {isa = PBXBuildFile; fileRef = A91230161B48B64F00BCCEBF /* NODFinacialInfo.swift */; };
		A91230191B48BADD00BCCEBF /* NODConstructionController.swift in Sources */ = {isa = PBXBuildFile; fileRef = A91230181B48BADD00BCCEBF /* NODConstructionController.swift */; };
		A912301B1B48BF5400BCCEBF /* NODConstructionInfo.swift in Sources */ = {isa = PBXBuildFile; fileRef = A912301A1B48BF5400BCCEBF /* NODConstructionInfo.swift */; };
		A92CBDDC1B48D73A004E4D52 /* NODContructionCell.swift in Sources */ = {isa = PBXBuildFile; fileRef = A92CBDDB1B48D73A004E4D52 /* NODContructionCell.swift */; };
		A94BDC0C1B494DF2008560B5 /* NODConstructionDetail.swift in Sources */ = {isa = PBXBuildFile; fileRef = A94BDC0B1B494DF2008560B5 /* NODConstructionDetail.swift */; };
		A95FF2241B5414F300AD747A /* Security.framework in Frameworks */ = {isa = PBXBuildFile; fileRef = A95FF2231B5414F300AD747A /* Security.framework */; };
		A95FF2261B54150300AD747A /* SystemConfiguration.framework in Frameworks */ = {isa = PBXBuildFile; fileRef = A95FF2251B54150300AD747A /* SystemConfiguration.framework */; };
		A95FF2281B54150B00AD747A /* CoreGraphics.framework in Frameworks */ = {isa = PBXBuildFile; fileRef = A95FF2271B54150B00AD747A /* CoreGraphics.framework */; };
		A95FF22A1B54151500AD747A /* MobileCoreServices.framework in Frameworks */ = {isa = PBXBuildFile; fileRef = A95FF2291B54151500AD747A /* MobileCoreServices.framework */; };
		A96967281B53F924000EC3A4 /* NODLocation.swift in Sources */ = {isa = PBXBuildFile; fileRef = A96967271B53F924000EC3A4 /* NODLocation.swift */; };
		A969672A1B53FA30000EC3A4 /* NODSubproj.swift in Sources */ = {isa = PBXBuildFile; fileRef = A96967291B53FA30000EC3A4 /* NODSubproj.swift */; };
		A969672C1B53FB0F000EC3A4 /* NODWeather.swift in Sources */ = {isa = PBXBuildFile; fileRef = A969672B1B53FB0F000EC3A4 /* NODWeather.swift */; };
		A969672E1B53FBB4000EC3A4 /* NODObject.swift in Sources */ = {isa = PBXBuildFile; fileRef = A969672D1B53FBB4000EC3A4 /* NODObject.swift */; };
		A97362471B50C5900052567E /* NODCreateNewUserController.swift in Sources */ = {isa = PBXBuildFile; fileRef = A97362461B50C5900052567E /* NODCreateNewUserController.swift */; };
		A97461FB1B51507400CCEA2A /* NODGroup.swift in Sources */ = {isa = PBXBuildFile; fileRef = A97461FA1B51507400CCEA2A /* NODGroup.swift */; };
		A9984D771B3EEF38007118D9 /* NODGlobal.swift in Sources */ = {isa = PBXBuildFile; fileRef = A9984D761B3EEF38007118D9 /* NODGlobal.swift */; };
/* End PBXBuildFile section */

/* Begin PBXFileReference section */
		1A1BDA011B479F660082941E /* NODPersonalFinacialController.swift */ = {isa = PBXFileReference; fileEncoding = 4; lastKnownFileType = sourcecode.swift; path = NODPersonalFinacialController.swift; sourceTree = "<group>"; };
		1A1BDA031B47A49B0082941E /* NODPersionalFiancialCell.swift */ = {isa = PBXFileReference; fileEncoding = 4; lastKnownFileType = sourcecode.swift; path = NODPersionalFiancialCell.swift; sourceTree = "<group>"; };
		1A1BDA051B47BFCE0082941E /* NODLabourController.swift */ = {isa = PBXFileReference; fileEncoding = 4; lastKnownFileType = sourcecode.swift; path = NODLabourController.swift; sourceTree = "<group>"; };
		1A1BDA071B47C5270082941E /* NODLabour.swift */ = {isa = PBXFileReference; fileEncoding = 4; lastKnownFileType = sourcecode.swift; path = NODLabour.swift; sourceTree = "<group>"; };
		1A1BDA091B47CA3A0082941E /* NODLabourSectionCell.xib */ = {isa = PBXFileReference; fileEncoding = 4; lastKnownFileType = file.xib; path = NODLabourSectionCell.xib; sourceTree = "<group>"; };
		1A1BDA0B1B47CA9B0082941E /* NODLabourSectionCell.swift */ = {isa = PBXFileReference; fileEncoding = 4; lastKnownFileType = sourcecode.swift; path = NODLabourSectionCell.swift; sourceTree = "<group>"; };
		1A1BDA0D1B47FFE10082941E /* NODWorkerDetailsController.swift */ = {isa = PBXFileReference; fileEncoding = 4; lastKnownFileType = sourcecode.swift; path = NODWorkerDetailsController.swift; sourceTree = "<group>"; };
		1AEEE2B81B3F97A100DDCD3C /* NODSettingViewController.swift */ = {isa = PBXFileReference; fileEncoding = 4; lastKnownFileType = sourcecode.swift; path = NODSettingViewController.swift; sourceTree = "<group>"; };
		1AEEE2BA1B3F99AD00DDCD3C /* NODBaseMainViewController.swift */ = {isa = PBXFileReference; fileEncoding = 4; lastKnownFileType = sourcecode.swift; path = NODBaseMainViewController.swift; sourceTree = "<group>"; };
		1AEEE2BF1B3F9EA100DDCD3C /* SlideMenuController+NODTrasition.swift */ = {isa = PBXFileReference; fileEncoding = 4; lastKnownFileType = sourcecode.swift; path = "SlideMenuController+NODTrasition.swift"; sourceTree = "<group>"; };
		1AEEE2C11B3FA46000DDCD3C /* CFNetwork.framework */ = {isa = PBXFileReference; lastKnownFileType = wrapper.framework; name = CFNetwork.framework; path = System/Library/Frameworks/CFNetwork.framework; sourceTree = SDKROOT; };
		1AEEE2C31B3FA48600DDCD3C /* libz.dylib */ = {isa = PBXFileReference; lastKnownFileType = "compiled.mach-o.dylib"; name = libz.dylib; path = usr/lib/libz.dylib; sourceTree = SDKROOT; };
		1AEEE2C51B3FA49900DDCD3C /* QuartzCore.framework */ = {isa = PBXFileReference; lastKnownFileType = wrapper.framework; name = QuartzCore.framework; path = System/Library/Frameworks/QuartzCore.framework; sourceTree = SDKROOT; };
		1AEEE2C91B3FE60F00DDCD3C /* NODFiancialController.swift */ = {isa = PBXFileReference; fileEncoding = 4; lastKnownFileType = sourcecode.swift; path = NODFiancialController.swift; sourceTree = "<group>"; };
		1AEEE2CB1B3FEFEF00DDCD3C /* NODFinancialCell.swift */ = {isa = PBXFileReference; fileEncoding = 4; lastKnownFileType = sourcecode.swift; path = NODFinancialCell.swift; sourceTree = "<group>"; };
		1AEF9CB11B5A2CFC00BD19A6 /* Default-568h@2x.png */ = {isa = PBXFileReference; lastKnownFileType = image.png; path = "Default-568h@2x.png"; sourceTree = "<group>"; };
		1AFF89221B480B1300B81AFA /* NODWorker.swift */ = {isa = PBXFileReference; fileEncoding = 4; lastKnownFileType = sourcecode.swift; path = NODWorker.swift; sourceTree = "<group>"; };
		3EF6B6C4A419E33652599CB6 /* Pods.debug.xcconfig */ = {isa = PBXFileReference; includeInIndex = 1; lastKnownFileType = text.xcconfig; name = Pods.debug.xcconfig; path = "Pods/Target Support Files/Pods/Pods.debug.xcconfig"; sourceTree = "<group>"; };
		60B21C26AD2B275F0989B3E1 /* Pods.release.xcconfig */ = {isa = PBXFileReference; includeInIndex = 1; lastKnownFileType = text.xcconfig; name = Pods.release.xcconfig; path = "Pods/Target Support Files/Pods/Pods.release.xcconfig"; sourceTree = "<group>"; };
		7E0FD6931B5B5D25007AE821 /* NODCreateContructionController.swift */ = {isa = PBXFileReference; fileEncoding = 4; lastKnownFileType = sourcecode.swift; path = NODCreateContructionController.swift; sourceTree = "<group>"; };
		7E0FD6951B5B731C007AE821 /* Array+NODExtention.swift */ = {isa = PBXFileReference; fileEncoding = 4; lastKnownFileType = sourcecode.swift; path = "Array+NODExtention.swift"; sourceTree = "<group>"; };
		7E0FD69B1B5B82B3007AE821 /* NODAddObjectCell.swift */ = {isa = PBXFileReference; fileEncoding = 4; lastKnownFileType = sourcecode.swift; path = NODAddObjectCell.swift; sourceTree = "<group>"; };
		7E0FD69F1B5B8ED9007AE821 /* NODCreateConstructionContainerController.swift */ = {isa = PBXFileReference; fileEncoding = 4; lastKnownFileType = sourcecode.swift; path = NODCreateConstructionContainerController.swift; sourceTree = "<group>"; };
		7E3902491B3664A00061DD90 /* SWXMLHash.swift */ = {isa = PBXFileReference; fileEncoding = 4; lastKnownFileType = sourcecode.swift; path = SWXMLHash.swift; sourceTree = "<group>"; };
		7E39024E1B3668FA0061DD90 /* SwiftyJSON.swift */ = {isa = PBXFileReference; fileEncoding = 4; lastKnownFileType = sourcecode.swift; path = SwiftyJSON.swift; sourceTree = "<group>"; };
		7E3902541B366D560061DD90 /* FromJSON.swift */ = {isa = PBXFileReference; fileEncoding = 4; lastKnownFileType = sourcecode.swift; path = FromJSON.swift; sourceTree = "<group>"; };
		7E3902551B366D560061DD90 /* Mapper.swift */ = {isa = PBXFileReference; fileEncoding = 4; lastKnownFileType = sourcecode.swift; path = Mapper.swift; sourceTree = "<group>"; };
		7E3902561B366D560061DD90 /* Operators.swift */ = {isa = PBXFileReference; fileEncoding = 4; lastKnownFileType = sourcecode.swift; path = Operators.swift; sourceTree = "<group>"; };
		7E3902571B366D560061DD90 /* ToJSON.swift */ = {isa = PBXFileReference; fileEncoding = 4; lastKnownFileType = sourcecode.swift; path = ToJSON.swift; sourceTree = "<group>"; };
		7E39025C1B366DAA0061DD90 /* LoginUser.swift */ = {isa = PBXFileReference; fileEncoding = 4; lastKnownFileType = sourcecode.swift; path = LoginUser.swift; sourceTree = "<group>"; };
		7E3902701B366F1F0061DD90 /* CustomDateFormatTransform.swift */ = {isa = PBXFileReference; fileEncoding = 4; lastKnownFileType = sourcecode.swift; path = CustomDateFormatTransform.swift; sourceTree = "<group>"; };
		7E3902711B366F1F0061DD90 /* DateFormaterTransform.swift */ = {isa = PBXFileReference; fileEncoding = 4; lastKnownFileType = sourcecode.swift; path = DateFormaterTransform.swift; sourceTree = "<group>"; };
		7E3902721B366F1F0061DD90 /* DateTransform.swift */ = {isa = PBXFileReference; fileEncoding = 4; lastKnownFileType = sourcecode.swift; path = DateTransform.swift; sourceTree = "<group>"; };
		7E3902731B366F1F0061DD90 /* EnumTransform.swift */ = {isa = PBXFileReference; fileEncoding = 4; lastKnownFileType = sourcecode.swift; path = EnumTransform.swift; sourceTree = "<group>"; };
		7E3902741B366F1F0061DD90 /* ISO8601DateTransform.swift */ = {isa = PBXFileReference; fileEncoding = 4; lastKnownFileType = sourcecode.swift; path = ISO8601DateTransform.swift; sourceTree = "<group>"; };
		7E3902751B366F1F0061DD90 /* TransformOf.swift */ = {isa = PBXFileReference; fileEncoding = 4; lastKnownFileType = sourcecode.swift; path = TransformOf.swift; sourceTree = "<group>"; };
		7E3902761B366F1F0061DD90 /* TransformType.swift */ = {isa = PBXFileReference; fileEncoding = 4; lastKnownFileType = sourcecode.swift; path = TransformType.swift; sourceTree = "<group>"; };
		7E3902771B366F1F0061DD90 /* URLTransform.swift */ = {isa = PBXFileReference; fileEncoding = 4; lastKnownFileType = sourcecode.swift; path = URLTransform.swift; sourceTree = "<group>"; };
		7E3902801B3690CA0061DD90 /* SlideMenuController.swift */ = {isa = PBXFileReference; fileEncoding = 4; lastKnownFileType = sourcecode.swift; path = SlideMenuController.swift; sourceTree = "<group>"; };
		7E3902831B3692CD0061DD90 /* NODStoryboard.storyboard */ = {isa = PBXFileReference; fileEncoding = 4; lastKnownFileType = file.storyboard; path = NODStoryboard.storyboard; sourceTree = "<group>"; };
		7E3902851B369CBC0061DD90 /* CALayer+XibConfiguration.h */ = {isa = PBXFileReference; fileEncoding = 4; lastKnownFileType = sourcecode.c.h; path = "CALayer+XibConfiguration.h"; sourceTree = "<group>"; };
		7E3902861B369CBC0061DD90 /* CALayer+XibConfiguration.m */ = {isa = PBXFileReference; fileEncoding = 4; lastKnownFileType = sourcecode.c.objc; path = "CALayer+XibConfiguration.m"; sourceTree = "<group>"; };
		7E3902881B369D630061DD90 /* NODLoginViewController.swift */ = {isa = PBXFileReference; fileEncoding = 4; lastKnownFileType = sourcecode.swift; path = NODLoginViewController.swift; sourceTree = "<group>"; };
		7E39028B1B36D2DC0061DD90 /* NODUserViewController.swift */ = {isa = PBXFileReference; fileEncoding = 4; lastKnownFileType = sourcecode.swift; path = NODUserViewController.swift; sourceTree = "<group>"; };
		7E60CD3C1B5563AB00D60F3D /* NODMachine.swift */ = {isa = PBXFileReference; fileEncoding = 4; lastKnownFileType = sourcecode.swift; path = NODMachine.swift; sourceTree = "<group>"; };
		7E60CD3E1B55647700D60F3D /* NODMaterial.swift */ = {isa = PBXFileReference; fileEncoding = 4; lastKnownFileType = sourcecode.swift; path = NODMaterial.swift; sourceTree = "<group>"; };
		7E6234451B5D3B5E00C42E41 /* NODStatues.swift */ = {isa = PBXFileReference; fileEncoding = 4; lastKnownFileType = sourcecode.swift; path = NODStatues.swift; sourceTree = "<group>"; };
		7E82DAF11B5BE30C00592B5E /* NODRemoveObjectCell.swift */ = {isa = PBXFileReference; fileEncoding = 4; lastKnownFileType = sourcecode.swift; path = NODRemoveObjectCell.swift; sourceTree = "<group>"; };
		7E904FE71B3583DA007BD238 /* NuoDunProject.app */ = {isa = PBXFileReference; explicitFileType = wrapper.application; includeInIndex = 0; path = NuoDunProject.app; sourceTree = BUILT_PRODUCTS_DIR; };
		7E904FEB1B3583DA007BD238 /* Info.plist */ = {isa = PBXFileReference; lastKnownFileType = text.plist.xml; path = Info.plist; sourceTree = "<group>"; };
		7E904FEC1B3583DA007BD238 /* AppDelegate.swift */ = {isa = PBXFileReference; lastKnownFileType = sourcecode.swift; path = AppDelegate.swift; sourceTree = "<group>"; };
		7E904FEE1B3583DA007BD238 /* ViewController.swift */ = {isa = PBXFileReference; lastKnownFileType = sourcecode.swift; path = ViewController.swift; sourceTree = "<group>"; };
		7E904FF31B3583DA007BD238 /* Images.xcassets */ = {isa = PBXFileReference; lastKnownFileType = folder.assetcatalog; path = Images.xcassets; sourceTree = "<group>"; };
		7E9050011B3583DB007BD238 /* Info.plist */ = {isa = PBXFileReference; lastKnownFileType = text.plist.xml; path = Info.plist; sourceTree = "<group>"; };
		7E9050021B3583DB007BD238 /* NuoDunProjectTests.swift */ = {isa = PBXFileReference; lastKnownFileType = sourcecode.swift; path = NuoDunProjectTests.swift; sourceTree = "<group>"; };
		7E90500E1B3593C9007BD238 /* NuoDunBridgeHeaders.h */ = {isa = PBXFileReference; fileEncoding = 4; lastKnownFileType = sourcecode.c.h; path = NuoDunBridgeHeaders.h; sourceTree = "<group>"; };
		7E9050111B35970E007BD238 /* NODSessionManager.swift */ = {isa = PBXFileReference; fileEncoding = 4; lastKnownFileType = sourcecode.swift; path = NODSessionManager.swift; sourceTree = "<group>"; };
		7EADDCDD1B37BC260095EDF8 /* NODMainMenuCell.swift */ = {isa = PBXFileReference; fileEncoding = 4; lastKnownFileType = sourcecode.swift; path = NODMainMenuCell.swift; sourceTree = "<group>"; };
		7EADDCDE1B37BC260095EDF8 /* NODMainMenuCell.xib */ = {isa = PBXFileReference; fileEncoding = 4; lastKnownFileType = file.xib; path = NODMainMenuCell.xib; sourceTree = "<group>"; };
		9E7BC14177D1364B0BD8378F /* libPods.a */ = {isa = PBXFileReference; explicitFileType = archive.ar; includeInIndex = 0; path = libPods.a; sourceTree = BUILT_PRODUCTS_DIR; };
		A90292421B48E23600A82E90 /* NODConstructionDetailController.swift */ = {isa = PBXFileReference; fileEncoding = 4; lastKnownFileType = sourcecode.swift; path = NODConstructionDetailController.swift; sourceTree = "<group>"; };
		A91230161B48B64F00BCCEBF /* NODFinacialInfo.swift */ = {isa = PBXFileReference; fileEncoding = 4; lastKnownFileType = sourcecode.swift; path = NODFinacialInfo.swift; sourceTree = "<group>"; };
		A91230181B48BADD00BCCEBF /* NODConstructionController.swift */ = {isa = PBXFileReference; fileEncoding = 4; lastKnownFileType = sourcecode.swift; path = NODConstructionController.swift; sourceTree = "<group>"; };
		A912301A1B48BF5400BCCEBF /* NODConstructionInfo.swift */ = {isa = PBXFileReference; fileEncoding = 4; lastKnownFileType = sourcecode.swift; path = NODConstructionInfo.swift; sourceTree = "<group>"; };
		A92CBDDB1B48D73A004E4D52 /* NODContructionCell.swift */ = {isa = PBXFileReference; fileEncoding = 4; lastKnownFileType = sourcecode.swift; path = NODContructionCell.swift; sourceTree = "<group>"; };
		A94BDC0B1B494DF2008560B5 /* NODConstructionDetail.swift */ = {isa = PBXFileReference; fileEncoding = 4; lastKnownFileType = sourcecode.swift; path = NODConstructionDetail.swift; sourceTree = "<group>"; };
		A95FF2231B5414F300AD747A /* Security.framework */ = {isa = PBXFileReference; lastKnownFileType = wrapper.framework; name = Security.framework; path = System/Library/Frameworks/Security.framework; sourceTree = SDKROOT; };
		A95FF2251B54150300AD747A /* SystemConfiguration.framework */ = {isa = PBXFileReference; lastKnownFileType = wrapper.framework; name = SystemConfiguration.framework; path = System/Library/Frameworks/SystemConfiguration.framework; sourceTree = SDKROOT; };
		A95FF2271B54150B00AD747A /* CoreGraphics.framework */ = {isa = PBXFileReference; lastKnownFileType = wrapper.framework; name = CoreGraphics.framework; path = System/Library/Frameworks/CoreGraphics.framework; sourceTree = SDKROOT; };
		A95FF2291B54151500AD747A /* MobileCoreServices.framework */ = {isa = PBXFileReference; lastKnownFileType = wrapper.framework; name = MobileCoreServices.framework; path = System/Library/Frameworks/MobileCoreServices.framework; sourceTree = SDKROOT; };
		A96967271B53F924000EC3A4 /* NODLocation.swift */ = {isa = PBXFileReference; fileEncoding = 4; lastKnownFileType = sourcecode.swift; path = NODLocation.swift; sourceTree = "<group>"; };
		A96967291B53FA30000EC3A4 /* NODSubproj.swift */ = {isa = PBXFileReference; fileEncoding = 4; lastKnownFileType = sourcecode.swift; path = NODSubproj.swift; sourceTree = "<group>"; };
		A969672B1B53FB0F000EC3A4 /* NODWeather.swift */ = {isa = PBXFileReference; fileEncoding = 4; lastKnownFileType = sourcecode.swift; path = NODWeather.swift; sourceTree = "<group>"; };
		A969672D1B53FBB4000EC3A4 /* NODObject.swift */ = {isa = PBXFileReference; fileEncoding = 4; lastKnownFileType = sourcecode.swift; path = NODObject.swift; sourceTree = "<group>"; };
		A97362461B50C5900052567E /* NODCreateNewUserController.swift */ = {isa = PBXFileReference; fileEncoding = 4; lastKnownFileType = sourcecode.swift; path = NODCreateNewUserController.swift; sourceTree = "<group>"; };
		A97461FA1B51507400CCEA2A /* NODGroup.swift */ = {isa = PBXFileReference; fileEncoding = 4; lastKnownFileType = sourcecode.swift; path = NODGroup.swift; sourceTree = "<group>"; };
		A9984D761B3EEF38007118D9 /* NODGlobal.swift */ = {isa = PBXFileReference; fileEncoding = 4; lastKnownFileType = sourcecode.swift; path = NODGlobal.swift; sourceTree = "<group>"; };
/* End PBXFileReference section */

/* Begin PBXFrameworksBuildPhase section */
		7E904FE41B3583DA007BD238 /* Frameworks */ = {
			isa = PBXFrameworksBuildPhase;
			buildActionMask = 2147483647;
			files = (
				A95FF2261B54150300AD747A /* SystemConfiguration.framework in Frameworks */,
				1AEEE2C61B3FA49900DDCD3C /* QuartzCore.framework in Frameworks */,
				A95FF22A1B54151500AD747A /* MobileCoreServices.framework in Frameworks */,
				A95FF2281B54150B00AD747A /* CoreGraphics.framework in Frameworks */,
				A95FF2241B5414F300AD747A /* Security.framework in Frameworks */,
				1AEEE2C41B3FA48600DDCD3C /* libz.dylib in Frameworks */,
				1AEEE2C21B3FA46000DDCD3C /* CFNetwork.framework in Frameworks */,
				981DD26DD522DC8DFC25D57B /* libPods.a in Frameworks */,
			);
			runOnlyForDeploymentPostprocessing = 0;
		};
/* End PBXFrameworksBuildPhase section */

/* Begin PBXGroup section */
		0D5A7F4599DD15B247B93FA3 /* Frameworks */ = {
			isa = PBXGroup;
			children = (
				A95FF2291B54151500AD747A /* MobileCoreServices.framework */,
				A95FF2271B54150B00AD747A /* CoreGraphics.framework */,
				A95FF2251B54150300AD747A /* SystemConfiguration.framework */,
				A95FF2231B5414F300AD747A /* Security.framework */,
				1AEEE2C51B3FA49900DDCD3C /* QuartzCore.framework */,
				1AEEE2C31B3FA48600DDCD3C /* libz.dylib */,
				1AEEE2C11B3FA46000DDCD3C /* CFNetwork.framework */,
				9E7BC14177D1364B0BD8378F /* libPods.a */,
			);
			name = Frameworks;
			sourceTree = "<group>";
		};
		1AEEE2BC1B3F99BE00DDCD3C /* MainControllers */ = {
			isa = PBXGroup;
			children = (
				1AEEE2BA1B3F99AD00DDCD3C /* NODBaseMainViewController.swift */,
				1AEEE2B81B3F97A100DDCD3C /* NODSettingViewController.swift */,
				1AEEE2C91B3FE60F00DDCD3C /* NODFiancialController.swift */,
				1A1BDA051B47BFCE0082941E /* NODLabourController.swift */,
				A91230181B48BADD00BCCEBF /* NODConstructionController.swift */,
				1AEEE2BF1B3F9EA100DDCD3C /* SlideMenuController+NODTrasition.swift */,
			);
			name = MainControllers;
			sourceTree = "<group>";
		};
		1AEEE2BD1B3F9A8E00DDCD3C /* vendor */ = {
			isa = PBXGroup;
			children = (
				7E3902531B366D420061DD90 /* ObjMapper */,
				7E39024E1B3668FA0061DD90 /* SwiftyJSON.swift */,
				7E3902491B3664A00061DD90 /* SWXMLHash.swift */,
				7E3902801B3690CA0061DD90 /* SlideMenuController.swift */,
			);
			name = vendor;
			sourceTree = "<group>";
		};
		1AEEE2BE1B3F9B3E00DDCD3C /* network */ = {
			isa = PBXGroup;
			children = (
				7E9050111B35970E007BD238 /* NODSessionManager.swift */,
			);
			name = network;
			sourceTree = "<group>";
		};
		7E3902501B366BA00061DD90 /* models */ = {
			isa = PBXGroup;
			children = (
				A969672F1B53FBBC000EC3A4 /* NODObject */,
				7E39025C1B366DAA0061DD90 /* LoginUser.swift */,
				1AFF89221B480B1300B81AFA /* NODWorker.swift */,
				A91230161B48B64F00BCCEBF /* NODFinacialInfo.swift */,
				A912301A1B48BF5400BCCEBF /* NODConstructionInfo.swift */,
				A94BDC0B1B494DF2008560B5 /* NODConstructionDetail.swift */,
				7E0FD6951B5B731C007AE821 /* Array+NODExtention.swift */,
				7E6234451B5D3B5E00C42E41 /* NODStatues.swift */,
			);
			name = models;
			sourceTree = "<group>";
		};
		7E3902531B366D420061DD90 /* ObjMapper */ = {
			isa = PBXGroup;
			children = (
				7E3902701B366F1F0061DD90 /* CustomDateFormatTransform.swift */,
				7E3902711B366F1F0061DD90 /* DateFormaterTransform.swift */,
				7E3902721B366F1F0061DD90 /* DateTransform.swift */,
				7E3902731B366F1F0061DD90 /* EnumTransform.swift */,
				7E3902741B366F1F0061DD90 /* ISO8601DateTransform.swift */,
				7E3902751B366F1F0061DD90 /* TransformOf.swift */,
				7E3902761B366F1F0061DD90 /* TransformType.swift */,
				7E3902771B366F1F0061DD90 /* URLTransform.swift */,
				7E3902541B366D560061DD90 /* FromJSON.swift */,
				7E3902551B366D560061DD90 /* Mapper.swift */,
				7E3902561B366D560061DD90 /* Operators.swift */,
				7E3902571B366D560061DD90 /* ToJSON.swift */,
			);
			name = ObjMapper;
			sourceTree = "<group>";
		};
		7E3902821B3692A70061DD90 /* customViews */ = {
			isa = PBXGroup;
			children = (
				7E3902851B369CBC0061DD90 /* CALayer+XibConfiguration.h */,
				7E3902861B369CBC0061DD90 /* CALayer+XibConfiguration.m */,
				7E3902831B3692CD0061DD90 /* NODStoryboard.storyboard */,
				7EADDCDD1B37BC260095EDF8 /* NODMainMenuCell.swift */,
				7EADDCDE1B37BC260095EDF8 /* NODMainMenuCell.xib */,
				1AEEE2CB1B3FEFEF00DDCD3C /* NODFinancialCell.swift */,
				1A1BDA031B47A49B0082941E /* NODPersionalFiancialCell.swift */,
				1A1BDA0B1B47CA9B0082941E /* NODLabourSectionCell.swift */,
				1A1BDA091B47CA3A0082941E /* NODLabourSectionCell.xib */,
				A92CBDDB1B48D73A004E4D52 /* NODContructionCell.swift */,
				7E0FD69B1B5B82B3007AE821 /* NODAddObjectCell.swift */,
				7E82DAF11B5BE30C00592B5E /* NODRemoveObjectCell.swift */,
			);
			name = customViews;
			sourceTree = "<group>";
		};
		7E39028A1B36D2A70061DD90 /* controller */ = {
			isa = PBXGroup;
			children = (
				1AEEE2BC1B3F99BE00DDCD3C /* MainControllers */,
				7E3902881B369D630061DD90 /* NODLoginViewController.swift */,
				7E904FEE1B3583DA007BD238 /* ViewController.swift */,
				7E39028B1B36D2DC0061DD90 /* NODUserViewController.swift */,
				1A1BDA011B479F660082941E /* NODPersonalFinacialController.swift */,
				1A1BDA0D1B47FFE10082941E /* NODWorkerDetailsController.swift */,
				A90292421B48E23600A82E90 /* NODConstructionDetailController.swift */,
				A97362461B50C5900052567E /* NODCreateNewUserController.swift */,
				7E0FD6931B5B5D25007AE821 /* NODCreateContructionController.swift */,
				7E0FD69F1B5B8ED9007AE821 /* NODCreateConstructionContainerController.swift */,
			);
			name = controller;
			sourceTree = "<group>";
		};
		7E904FDE1B3583DA007BD238 = {
			isa = PBXGroup;
			children = (
				7E904FE91B3583DA007BD238 /* NuoDunProject */,
				1AEF9CB11B5A2CFC00BD19A6 /* Default-568h@2x.png */,
				7E904FFF1B3583DB007BD238 /* NuoDunProjectTests */,
				7E904FE81B3583DA007BD238 /* Products */,
				AE63AFDC83CE310BFFBB60BD /* Pods */,
				0D5A7F4599DD15B247B93FA3 /* Frameworks */,
			);
			sourceTree = "<group>";
		};
		7E904FE81B3583DA007BD238 /* Products */ = {
			isa = PBXGroup;
			children = (
				7E904FE71B3583DA007BD238 /* NuoDunProject.app */,
			);
			name = Products;
			sourceTree = "<group>";
		};
		7E904FE91B3583DA007BD238 /* NuoDunProject */ = {
			isa = PBXGroup;
			children = (
				1AEEE2BE1B3F9B3E00DDCD3C /* network */,
				1AEEE2BD1B3F9A8E00DDCD3C /* vendor */,
				7E39028A1B36D2A70061DD90 /* controller */,
				7E3902821B3692A70061DD90 /* customViews */,
				7E3902501B366BA00061DD90 /* models */,
				A9984D761B3EEF38007118D9 /* NODGlobal.swift */,
				7E904FEC1B3583DA007BD238 /* AppDelegate.swift */,
				7E904FF31B3583DA007BD238 /* Images.xcassets */,
				7E904FEA1B3583DA007BD238 /* Supporting Files */,
			);
			path = NuoDunProject;
			sourceTree = "<group>";
		};
		7E904FEA1B3583DA007BD238 /* Supporting Files */ = {
			isa = PBXGroup;
			children = (
				7E90500E1B3593C9007BD238 /* NuoDunBridgeHeaders.h */,
				7E904FEB1B3583DA007BD238 /* Info.plist */,
			);
			name = "Supporting Files";
			sourceTree = "<group>";
		};
		7E904FFF1B3583DB007BD238 /* NuoDunProjectTests */ = {
			isa = PBXGroup;
			children = (
				7E9050021B3583DB007BD238 /* NuoDunProjectTests.swift */,
				7E9050001B3583DB007BD238 /* Supporting Files */,
			);
			path = NuoDunProjectTests;
			sourceTree = "<group>";
		};
		7E9050001B3583DB007BD238 /* Supporting Files */ = {
			isa = PBXGroup;
			children = (
				7E9050011B3583DB007BD238 /* Info.plist */,
			);
			name = "Supporting Files";
			sourceTree = "<group>";
		};
		A969672F1B53FBBC000EC3A4 /* NODObject */ = {
			isa = PBXGroup;
			children = (
				A969672D1B53FBB4000EC3A4 /* NODObject.swift */,
				A97461FA1B51507400CCEA2A /* NODGroup.swift */,
				A96967271B53F924000EC3A4 /* NODLocation.swift */,
				A96967291B53FA30000EC3A4 /* NODSubproj.swift */,
				A969672B1B53FB0F000EC3A4 /* NODWeather.swift */,
				7E60CD3C1B5563AB00D60F3D /* NODMachine.swift */,
				7E60CD3E1B55647700D60F3D /* NODMaterial.swift */,
				1A1BDA071B47C5270082941E /* NODLabour.swift */,
			);
			name = NODObject;
			sourceTree = "<group>";
		};
		AE63AFDC83CE310BFFBB60BD /* Pods */ = {
			isa = PBXGroup;
			children = (
				3EF6B6C4A419E33652599CB6 /* Pods.debug.xcconfig */,
				60B21C26AD2B275F0989B3E1 /* Pods.release.xcconfig */,
			);
			name = Pods;
			sourceTree = "<group>";
		};
/* End PBXGroup section */

/* Begin PBXNativeTarget section */
		7E904FE61B3583DA007BD238 /* NuoDunProject */ = {
			isa = PBXNativeTarget;
			buildConfigurationList = 7E9050061B3583DB007BD238 /* Build configuration list for PBXNativeTarget "NuoDunProject" */;
			buildPhases = (
				081D52A5C2B79A8708944034 /* Check Pods Manifest.lock */,
				7E904FE31B3583DA007BD238 /* Sources */,
				7E904FE41B3583DA007BD238 /* Frameworks */,
				7E904FE51B3583DA007BD238 /* Resources */,
				C610756D29CFC1B0A6500949 /* Copy Pods Resources */,
			);
			buildRules = (
			);
			dependencies = (
			);
			name = NuoDunProject;
			productName = NuoDunProject;
			productReference = 7E904FE71B3583DA007BD238 /* NuoDunProject.app */;
			productType = "com.apple.product-type.application";
		};
/* End PBXNativeTarget section */

/* Begin PBXProject section */
		7E904FDF1B3583DA007BD238 /* Project object */ = {
			isa = PBXProject;
			attributes = {
				LastUpgradeCheck = 0610;
				ORGANIZATIONNAME = lxzhh;
				TargetAttributes = {
					7E904FE61B3583DA007BD238 = {
						CreatedOnToolsVersion = 6.1;
					};
				};
			};
			buildConfigurationList = 7E904FE21B3583DA007BD238 /* Build configuration list for PBXProject "NuoDunProject" */;
			compatibilityVersion = "Xcode 3.2";
			developmentRegion = English;
			hasScannedForEncodings = 0;
			knownRegions = (
				en,
				Base,
			);
			mainGroup = 7E904FDE1B3583DA007BD238;
			productRefGroup = 7E904FE81B3583DA007BD238 /* Products */;
			projectDirPath = "";
			projectRoot = "";
			targets = (
				7E904FE61B3583DA007BD238 /* NuoDunProject */,
			);
		};
/* End PBXProject section */

/* Begin PBXResourcesBuildPhase section */
		7E904FE51B3583DA007BD238 /* Resources */ = {
			isa = PBXResourcesBuildPhase;
			buildActionMask = 2147483647;
			files = (
				1A1BDA0A1B47CA3A0082941E /* NODLabourSectionCell.xib in Resources */,
				7EADDCE01B37BC260095EDF8 /* NODMainMenuCell.xib in Resources */,
				7E3902841B3692CD0061DD90 /* NODStoryboard.storyboard in Resources */,
				1AEF9CB21B5A2CFC00BD19A6 /* Default-568h@2x.png in Resources */,
				7E904FF41B3583DA007BD238 /* Images.xcassets in Resources */,
			);
			runOnlyForDeploymentPostprocessing = 0;
		};
/* End PBXResourcesBuildPhase section */

/* Begin PBXShellScriptBuildPhase section */
		081D52A5C2B79A8708944034 /* Check Pods Manifest.lock */ = {
			isa = PBXShellScriptBuildPhase;
			buildActionMask = 2147483647;
			files = (
			);
			inputPaths = (
			);
			name = "Check Pods Manifest.lock";
			outputPaths = (
			);
			runOnlyForDeploymentPostprocessing = 0;
			shellPath = /bin/sh;
			shellScript = "diff \"${PODS_ROOT}/../Podfile.lock\" \"${PODS_ROOT}/Manifest.lock\" > /dev/null\nif [[ $? != 0 ]] ; then\n    cat << EOM\nerror: The sandbox is not in sync with the Podfile.lock. Run 'pod install' or update your CocoaPods installation.\nEOM\n    exit 1\nfi\n";
			showEnvVarsInLog = 0;
		};
		C610756D29CFC1B0A6500949 /* Copy Pods Resources */ = {
			isa = PBXShellScriptBuildPhase;
			buildActionMask = 2147483647;
			files = (
			);
			inputPaths = (
			);
			name = "Copy Pods Resources";
			outputPaths = (
			);
			runOnlyForDeploymentPostprocessing = 0;
			shellPath = /bin/sh;
			shellScript = "\"${SRCROOT}/Pods/Target Support Files/Pods/Pods-resources.sh\"\n";
			showEnvVarsInLog = 0;
		};
/* End PBXShellScriptBuildPhase section */

/* Begin PBXSourcesBuildPhase section */
		7E904FE31B3583DA007BD238 /* Sources */ = {
			isa = PBXSourcesBuildPhase;
			buildActionMask = 2147483647;
			files = (
				A92CBDDC1B48D73A004E4D52 /* NODContructionCell.swift in Sources */,
				1A1BDA0E1B47FFE10082941E /* NODWorkerDetailsController.swift in Sources */,
				7E82DAF21B5BE30C00592B5E /* NODRemoveObjectCell.swift in Sources */,
				A969672E1B53FBB4000EC3A4 /* NODObject.swift in Sources */,
				1AEEE2CC1B3FEFEF00DDCD3C /* NODFinancialCell.swift in Sources */,
				A94BDC0C1B494DF2008560B5 /* NODConstructionDetail.swift in Sources */,
				1AEEE2B91B3F97A100DDCD3C /* NODSettingViewController.swift in Sources */,
				7E39027C1B366F1F0061DD90 /* ISO8601DateTransform.swift in Sources */,
				7E3902791B366F1F0061DD90 /* DateFormaterTransform.swift in Sources */,
				7E3902891B369D630061DD90 /* NODLoginViewController.swift in Sources */,
				7E39027F1B366F1F0061DD90 /* URLTransform.swift in Sources */,
				1AEEE2CA1B3FE60F00DDCD3C /* NODFiancialController.swift in Sources */,
				7E904FEF1B3583DA007BD238 /* ViewController.swift in Sources */,
				7E39025A1B366D560061DD90 /* Operators.swift in Sources */,
				7E3902781B366F1F0061DD90 /* CustomDateFormatTransform.swift in Sources */,
				7E39024A1B3664A00061DD90 /* SWXMLHash.swift in Sources */,
				A97362471B50C5900052567E /* NODCreateNewUserController.swift in Sources */,
				7E39027B1B366F1F0061DD90 /* EnumTransform.swift in Sources */,
				7E3902591B366D560061DD90 /* Mapper.swift in Sources */,
				A96967281B53F924000EC3A4 /* NODLocation.swift in Sources */,
				1A1BDA021B479F660082941E /* NODPersonalFinacialController.swift in Sources */,
				A91230171B48B64F00BCCEBF /* NODFinacialInfo.swift in Sources */,
				1A1BDA061B47BFCE0082941E /* NODLabourController.swift in Sources */,
				A9984D771B3EEF38007118D9 /* NODGlobal.swift in Sources */,
				7EADDCDF1B37BC260095EDF8 /* NODMainMenuCell.swift in Sources */,
				7E60CD3F1B55647700D60F3D /* NODMaterial.swift in Sources */,
				1AEEE2BB1B3F99AD00DDCD3C /* NODBaseMainViewController.swift in Sources */,
				1A1BDA0C1B47CA9B0082941E /* NODLabourSectionCell.swift in Sources */,
				7E39027A1B366F1F0061DD90 /* DateTransform.swift in Sources */,
				7E0FD6961B5B731C007AE821 /* Array+NODExtention.swift in Sources */,
				7E9050121B35970E007BD238 /* NODSessionManager.swift in Sources */,
				7E0FD6A01B5B8ED9007AE821 /* NODCreateConstructionContainerController.swift in Sources */,
				7E39025B1B366D560061DD90 /* ToJSON.swift in Sources */,
				A912301B1B48BF5400BCCEBF /* NODConstructionInfo.swift in Sources */,
				A91230191B48BADD00BCCEBF /* NODConstructionController.swift in Sources */,
				7E39028C1B36D2DC0061DD90 /* NODUserViewController.swift in Sources */,
				1A1BDA081B47C5270082941E /* NODLabour.swift in Sources */,
				7E3902871B369CBC0061DD90 /* CALayer+XibConfiguration.m in Sources */,
				7E60CD3D1B5563AB00D60F3D /* NODMachine.swift in Sources */,
				7E3902811B3690CA0061DD90 /* SlideMenuController.swift in Sources */,
				7E39025D1B366DAA0061DD90 /* LoginUser.swift in Sources */,
				A969672A1B53FA30000EC3A4 /* NODSubproj.swift in Sources */,
				7E0FD69D1B5B82B3007AE821 /* NODAddObjectCell.swift in Sources */,
				7E0FD6941B5B5D25007AE821 /* NODCreateContructionController.swift in Sources */,
				7E39024F1B3668FA0061DD90 /* SwiftyJSON.swift in Sources */,
				7E6234461B5D3B5E00C42E41 /* NODStatues.swift in Sources */,
				A97461FB1B51507400CCEA2A /* NODGroup.swift in Sources */,
				1AFF89231B480B1300B81AFA /* NODWorker.swift in Sources */,
				7E39027E1B366F1F0061DD90 /* TransformType.swift in Sources */,
				1AEEE2C01B3F9EA100DDCD3C /* SlideMenuController+NODTrasition.swift in Sources */,
				A969672C1B53FB0F000EC3A4 /* NODWeather.swift in Sources */,
				A90292431B48E23600A82E90 /* NODConstructionDetailController.swift in Sources */,
				7E39027D1B366F1F0061DD90 /* TransformOf.swift in Sources */,
				7E904FED1B3583DA007BD238 /* AppDelegate.swift in Sources */,
				7E3902581B366D560061DD90 /* FromJSON.swift in Sources */,
				1A1BDA041B47A49B0082941E /* NODPersionalFiancialCell.swift in Sources */,
			);
			runOnlyForDeploymentPostprocessing = 0;
		};
/* End PBXSourcesBuildPhase section */

/* Begin XCBuildConfiguration section */
		7E9050041B3583DB007BD238 /* Debug */ = {
			isa = XCBuildConfiguration;
			baseConfigurationReference = 3EF6B6C4A419E33652599CB6 /* Pods.debug.xcconfig */;
			buildSettings = {
				ALWAYS_SEARCH_USER_PATHS = NO;
				CLANG_CXX_LANGUAGE_STANDARD = "gnu++0x";
				CLANG_CXX_LIBRARY = "libc++";
				CLANG_ENABLE_MODULES = YES;
				CLANG_ENABLE_OBJC_ARC = YES;
				CLANG_WARN_BOOL_CONVERSION = YES;
				CLANG_WARN_CONSTANT_CONVERSION = YES;
				CLANG_WARN_DIRECT_OBJC_ISA_USAGE = YES_ERROR;
				CLANG_WARN_EMPTY_BODY = YES;
				CLANG_WARN_ENUM_CONVERSION = YES;
				CLANG_WARN_INT_CONVERSION = YES;
				CLANG_WARN_OBJC_ROOT_CLASS = YES_ERROR;
				CLANG_WARN_UNREACHABLE_CODE = YES;
				CLANG_WARN__DUPLICATE_METHOD_MATCH = YES;
				"CODE_SIGN_IDENTITY[sdk=iphoneos*]" = "iPhone Developer";
				COPY_PHASE_STRIP = NO;
				ENABLE_STRICT_OBJC_MSGSEND = YES;
				GCC_C_LANGUAGE_STANDARD = gnu99;
				GCC_DYNAMIC_NO_PIC = NO;
				GCC_OPTIMIZATION_LEVEL = 0;
				GCC_PREPROCESSOR_DEFINITIONS = (
					"DEBUG=1",
					"$(inherited)",
				);
				GCC_SYMBOLS_PRIVATE_EXTERN = NO;
				GCC_WARN_64_TO_32_BIT_CONVERSION = YES;
				GCC_WARN_ABOUT_RETURN_TYPE = YES_ERROR;
				GCC_WARN_UNDECLARED_SELECTOR = YES;
				GCC_WARN_UNINITIALIZED_AUTOS = YES_AGGRESSIVE;
				GCC_WARN_UNUSED_FUNCTION = YES;
				GCC_WARN_UNUSED_VARIABLE = YES;
				IPHONEOS_DEPLOYMENT_TARGET = 8.1;
				MTL_ENABLE_DEBUG_INFO = YES;
				ONLY_ACTIVE_ARCH = YES;
				SDKROOT = iphoneos;
				SWIFT_OPTIMIZATION_LEVEL = "-Onone";
			};
			name = Debug;
		};
		7E9050051B3583DB007BD238 /* Release */ = {
			isa = XCBuildConfiguration;
			baseConfigurationReference = 60B21C26AD2B275F0989B3E1 /* Pods.release.xcconfig */;
			buildSettings = {
				ALWAYS_SEARCH_USER_PATHS = NO;
				CLANG_CXX_LANGUAGE_STANDARD = "gnu++0x";
				CLANG_CXX_LIBRARY = "libc++";
				CLANG_ENABLE_MODULES = YES;
				CLANG_ENABLE_OBJC_ARC = YES;
				CLANG_WARN_BOOL_CONVERSION = YES;
				CLANG_WARN_CONSTANT_CONVERSION = YES;
				CLANG_WARN_DIRECT_OBJC_ISA_USAGE = YES_ERROR;
				CLANG_WARN_EMPTY_BODY = YES;
				CLANG_WARN_ENUM_CONVERSION = YES;
				CLANG_WARN_INT_CONVERSION = YES;
				CLANG_WARN_OBJC_ROOT_CLASS = YES_ERROR;
				CLANG_WARN_UNREACHABLE_CODE = YES;
				CLANG_WARN__DUPLICATE_METHOD_MATCH = YES;
				"CODE_SIGN_IDENTITY[sdk=iphoneos*]" = "iPhone Developer";
				COPY_PHASE_STRIP = YES;
				ENABLE_NS_ASSERTIONS = NO;
				ENABLE_STRICT_OBJC_MSGSEND = YES;
				GCC_C_LANGUAGE_STANDARD = gnu99;
				GCC_WARN_64_TO_32_BIT_CONVERSION = YES;
				GCC_WARN_ABOUT_RETURN_TYPE = YES_ERROR;
				GCC_WARN_UNDECLARED_SELECTOR = YES;
				GCC_WARN_UNINITIALIZED_AUTOS = YES_AGGRESSIVE;
				GCC_WARN_UNUSED_FUNCTION = YES;
				GCC_WARN_UNUSED_VARIABLE = YES;
				IPHONEOS_DEPLOYMENT_TARGET = 8.1;
				MTL_ENABLE_DEBUG_INFO = NO;
				SDKROOT = iphoneos;
				VALIDATE_PRODUCT = YES;
			};
			name = Release;
		};
		7E9050071B3583DB007BD238 /* Debug */ = {
			isa = XCBuildConfiguration;
			baseConfigurationReference = 3EF6B6C4A419E33652599CB6 /* Pods.debug.xcconfig */;
			buildSettings = {
				ASSETCATALOG_COMPILER_APPICON_NAME = AppIcon;
				CODE_SIGN_IDENTITY = "iPhone Developer: jianqiao song (6KQ7RP3Y9K)";
				FRAMEWORK_SEARCH_PATHS = (
					"$(inherited)",
					"$(SYSTEM_APPS_DIR)/Reveal.app/Contents/SharedSupport/iOS-Libraries",
				);
				INFOPLIST_FILE = NuoDunProject/Info.plist;
				IPHONEOS_DEPLOYMENT_TARGET = 7.0;
				LD_RUNPATH_SEARCH_PATHS = "$(inherited) @executable_path/Frameworks";
				OTHER_LDFLAGS = (
					"$(inherited)",
					"-ObjC",
					"-l\"Pods-AFNetworking\"",
					"-l\"Pods-IQKeyboardManager\"",
					"-l\"Pods-ReactiveCocoa\"",
					"-framework",
					"\"CoreGraphics\"",
					"-framework",
					"\"MobileCoreServices\"",
					"-framework",
					"\"Security\"",
					"-framework",
					"\"SystemConfiguration\"",
					"-framework",
					Reveal,
				);
				PRODUCT_NAME = "$(TARGET_NAME)";
				PROVISIONING_PROFILE = "e84c2bce-d511-42ff-bb63-491411b44822";
				SWIFT_OBJC_BRIDGING_HEADER = "$(SRCROOT)/NuoDunProject/NuoDunBridgeHeaders.h";
			};
			name = Debug;
		};
		7E9050081B3583DB007BD238 /* Release */ = {
			isa = XCBuildConfiguration;
			baseConfigurationReference = 60B21C26AD2B275F0989B3E1 /* Pods.release.xcconfig */;
			buildSettings = {
				ASSETCATALOG_COMPILER_APPICON_NAME = AppIcon;
				CODE_SIGN_IDENTITY = "iPhone Developer: jianqiao song (6KQ7RP3Y9K)";
				FRAMEWORK_SEARCH_PATHS = (
					"$(inherited)",
					"$(SYSTEM_APPS_DIR)/Reveal.app/Contents/SharedSupport/iOS-Libraries",
				);
				INFOPLIST_FILE = NuoDunProject/Info.plist;
				IPHONEOS_DEPLOYMENT_TARGET = 7.0;
				LD_RUNPATH_SEARCH_PATHS = "$(inherited) @executable_path/Frameworks";
				OTHER_LDFLAGS = (
					"$(inherited)",
					"-ObjC",
					"-l\"Pods-AFNetworking\"",
					"-l\"Pods-IQKeyboardManager\"",
					"-l\"Pods-ReactiveCocoa\"",
					"-framework",
					"\"CoreGraphics\"",
					"-framework",
					"\"MobileCoreServices\"",
					"-framework",
					"\"Security\"",
					"-framework",
					"\"SystemConfiguration\"",
					"-framework",
					Reveal,
				);
				PRODUCT_NAME = "$(TARGET_NAME)";
				PROVISIONING_PROFILE = "a7954917-9b68-4216-9212-796735f11846";
				SWIFT_OBJC_BRIDGING_HEADER = "$(SRCROOT)/NuoDunProject/NuoDunBridgeHeaders.h";
			};
			name = Release;
		};
/* End XCBuildConfiguration section */

/* Begin XCConfigurationList section */
		7E904FE21B3583DA007BD238 /* Build configuration list for PBXProject "NuoDunProject" */ = {
			isa = XCConfigurationList;
			buildConfigurations = (
				7E9050041B3583DB007BD238 /* Debug */,
				7E9050051B3583DB007BD238 /* Release */,
			);
			defaultConfigurationIsVisible = 0;
			defaultConfigurationName = Release;
		};
		7E9050061B3583DB007BD238 /* Build configuration list for PBXNativeTarget "NuoDunProject" */ = {
			isa = XCConfigurationList;
			buildConfigurations = (
				7E9050071B3583DB007BD238 /* Debug */,
				7E9050081B3583DB007BD238 /* Release */,
			);
			defaultConfigurationIsVisible = 0;
			defaultConfigurationName = Release;
		};
/* End XCConfigurationList section */
	};
	rootObject = 7E904FDF1B3583DA007BD238 /* Project object */;
}
